// !$*UTF8*$!
{
	archiveVersion = 1;
	classes = {
	};
	objectVersion = 55;
	objects = {

/* Begin PBXBuildFile section */
		7902086F288C1B89005C7E35 /* CustomError.swift in Sources */ = {isa = PBXBuildFile; fileRef = 7902086E288C1B89005C7E35 /* CustomError.swift */; };
		79020874288D232A005C7E35 /* NewsFeedPresenterTests.swift in Sources */ = {isa = PBXBuildFile; fileRef = 79020873288D232A005C7E35 /* NewsFeedPresenterTests.swift */; };
		79020876288D2473005C7E35 /* NewsFeedInteractorMock.swift in Sources */ = {isa = PBXBuildFile; fileRef = 79020875288D2473005C7E35 /* NewsFeedInteractorMock.swift */; };
		79020879288D2676005C7E35 /* NewsFeedPresenter.swift in Sources */ = {isa = PBXBuildFile; fileRef = 79020878288D2676005C7E35 /* NewsFeedPresenter.swift */; };
		7902087C288D2A2B005C7E35 /* SnapshotTesting in Frameworks */ = {isa = PBXBuildFile; productRef = 7902087B288D2A2B005C7E35 /* SnapshotTesting */; };
		7902087F288D2AA0005C7E35 /* NewsFeedViewSnapshotTests.swift in Sources */ = {isa = PBXBuildFile; fileRef = 7902087E288D2AA0005C7E35 /* NewsFeedViewSnapshotTests.swift */; };
		792513D8288BC956008FB786 /* NewsAppsCodingChallengeApp.swift in Sources */ = {isa = PBXBuildFile; fileRef = 792513D7288BC956008FB786 /* NewsAppsCodingChallengeApp.swift */; };
		792513DA288BC956008FB786 /* ContentView.swift in Sources */ = {isa = PBXBuildFile; fileRef = 792513D9288BC956008FB786 /* ContentView.swift */; };
		792513DC288BC972008FB786 /* Assets.xcassets in Resources */ = {isa = PBXBuildFile; fileRef = 792513DB288BC972008FB786 /* Assets.xcassets */; };
		792513DF288BC972008FB786 /* Preview Assets.xcassets in Resources */ = {isa = PBXBuildFile; fileRef = 792513DE288BC972008FB786 /* Preview Assets.xcassets */; };
		792513F3288BC973008FB786 /* NewsAppsCodingChallengeUITests.swift in Sources */ = {isa = PBXBuildFile; fileRef = 792513F2288BC973008FB786 /* NewsAppsCodingChallengeUITests.swift */; };
		792513F5288BC973008FB786 /* NewsAppsCodingChallengeUITestsLaunchTests.swift in Sources */ = {isa = PBXBuildFile; fileRef = 792513F4288BC973008FB786 /* NewsAppsCodingChallengeUITestsLaunchTests.swift */; };
		7953C8F0288BCE2600CB487C /* headlines-success-response.json in Sources */ = {isa = PBXBuildFile; fileRef = 7953C8EF288BCE2600CB487C /* headlines-success-response.json */; };
		7953C8F3288BD13800CB487C /* NewsFeedDecodableTests.swift in Sources */ = {isa = PBXBuildFile; fileRef = 7953C8F2288BD13800CB487C /* NewsFeedDecodableTests.swift */; };
		7953C8F6288BD29D00CB487C /* XCTestCase+Extension.swift in Sources */ = {isa = PBXBuildFile; fileRef = 7953C8F5288BD29D00CB487C /* XCTestCase+Extension.swift */; };
		7953C8F9288BD5B400CB487C /* NewsFeed.swift in Sources */ = {isa = PBXBuildFile; fileRef = 7953C8F8288BD5B400CB487C /* NewsFeed.swift */; };
		7953C8FB288BD5D100CB487C /* Headline.swift in Sources */ = {isa = PBXBuildFile; fileRef = 7953C8FA288BD5D100CB487C /* Headline.swift */; };
		7953C8FE288BF30400CB487C /* headlines-success-response.json in Resources */ = {isa = PBXBuildFile; fileRef = 7953C8EF288BCE2600CB487C /* headlines-success-response.json */; };
		7953C902288BF71F00CB487C /* NewsFeedInteractorTests.swift in Sources */ = {isa = PBXBuildFile; fileRef = 7953C901288BF71F00CB487C /* NewsFeedInteractorTests.swift */; };
		7953C905288BFA7C00CB487C /* NewsFeedInteractor.swift in Sources */ = {isa = PBXBuildFile; fileRef = 7953C904288BFA7C00CB487C /* NewsFeedInteractor.swift */; };
		7953C913288C050100CB487C /* NewsFeedFetcher.swift in Sources */ = {isa = PBXBuildFile; fileRef = 7953C912288C050100CB487C /* NewsFeedFetcher.swift */; };
		7953C916288C056500CB487C /* NewsFeedFetcherMock.swift in Sources */ = {isa = PBXBuildFile; fileRef = 7953C915288C056500CB487C /* NewsFeedFetcherMock.swift */; };
		7953C918288C0F6D00CB487C /* NewsFeedStubbedData.swift in Sources */ = {isa = PBXBuildFile; fileRef = 7953C917288C0F6D00CB487C /* NewsFeedStubbedData.swift */; };
/* End PBXBuildFile section */

/* Begin PBXContainerItemProxy section */
		792513E5288BC973008FB786 /* PBXContainerItemProxy */ = {
			isa = PBXContainerItemProxy;
			containerPortal = 792513CC288BC956008FB786 /* Project object */;
			proxyType = 1;
			remoteGlobalIDString = 792513D3288BC956008FB786;
			remoteInfo = NewsAppsCodingChallenge;
		};
		792513EF288BC973008FB786 /* PBXContainerItemProxy */ = {
			isa = PBXContainerItemProxy;
			containerPortal = 792513CC288BC956008FB786 /* Project object */;
			proxyType = 1;
			remoteGlobalIDString = 792513D3288BC956008FB786;
			remoteInfo = NewsAppsCodingChallenge;
		};
/* End PBXContainerItemProxy section */

/* Begin PBXFileReference section */
		7902086E288C1B89005C7E35 /* CustomError.swift */ = {isa = PBXFileReference; lastKnownFileType = sourcecode.swift; path = CustomError.swift; sourceTree = "<group>"; };
		79020873288D232A005C7E35 /* NewsFeedPresenterTests.swift */ = {isa = PBXFileReference; lastKnownFileType = sourcecode.swift; path = NewsFeedPresenterTests.swift; sourceTree = "<group>"; };
		79020875288D2473005C7E35 /* NewsFeedInteractorMock.swift */ = {isa = PBXFileReference; lastKnownFileType = sourcecode.swift; path = NewsFeedInteractorMock.swift; sourceTree = "<group>"; };
		79020878288D2676005C7E35 /* NewsFeedPresenter.swift */ = {isa = PBXFileReference; lastKnownFileType = sourcecode.swift; path = NewsFeedPresenter.swift; sourceTree = "<group>"; };
		7902087E288D2AA0005C7E35 /* NewsFeedViewSnapshotTests.swift */ = {isa = PBXFileReference; lastKnownFileType = sourcecode.swift; path = NewsFeedViewSnapshotTests.swift; sourceTree = "<group>"; };
		792513D4288BC956008FB786 /* NewsAppsCodingChallenge.app */ = {isa = PBXFileReference; explicitFileType = wrapper.application; includeInIndex = 0; path = NewsAppsCodingChallenge.app; sourceTree = BUILT_PRODUCTS_DIR; };
		792513D7288BC956008FB786 /* NewsAppsCodingChallengeApp.swift */ = {isa = PBXFileReference; lastKnownFileType = sourcecode.swift; path = NewsAppsCodingChallengeApp.swift; sourceTree = "<group>"; };
		792513D9288BC956008FB786 /* ContentView.swift */ = {isa = PBXFileReference; lastKnownFileType = sourcecode.swift; path = ContentView.swift; sourceTree = "<group>"; };
		792513DB288BC972008FB786 /* Assets.xcassets */ = {isa = PBXFileReference; lastKnownFileType = folder.assetcatalog; path = Assets.xcassets; sourceTree = "<group>"; };
		792513DE288BC972008FB786 /* Preview Assets.xcassets */ = {isa = PBXFileReference; lastKnownFileType = folder.assetcatalog; path = "Preview Assets.xcassets"; sourceTree = "<group>"; };
		792513E4288BC973008FB786 /* NewsAppsCodingChallengeTests.xctest */ = {isa = PBXFileReference; explicitFileType = wrapper.cfbundle; includeInIndex = 0; path = NewsAppsCodingChallengeTests.xctest; sourceTree = BUILT_PRODUCTS_DIR; };
		792513EE288BC973008FB786 /* NewsAppsCodingChallengeUITests.xctest */ = {isa = PBXFileReference; explicitFileType = wrapper.cfbundle; includeInIndex = 0; path = NewsAppsCodingChallengeUITests.xctest; sourceTree = BUILT_PRODUCTS_DIR; };
		792513F2288BC973008FB786 /* NewsAppsCodingChallengeUITests.swift */ = {isa = PBXFileReference; lastKnownFileType = sourcecode.swift; path = NewsAppsCodingChallengeUITests.swift; sourceTree = "<group>"; };
		792513F4288BC973008FB786 /* NewsAppsCodingChallengeUITestsLaunchTests.swift */ = {isa = PBXFileReference; lastKnownFileType = sourcecode.swift; path = NewsAppsCodingChallengeUITestsLaunchTests.swift; sourceTree = "<group>"; };
		7953C8EF288BCE2600CB487C /* headlines-success-response.json */ = {isa = PBXFileReference; lastKnownFileType = text.json; path = "headlines-success-response.json"; sourceTree = "<group>"; };
		7953C8F2288BD13800CB487C /* NewsFeedDecodableTests.swift */ = {isa = PBXFileReference; lastKnownFileType = sourcecode.swift; path = NewsFeedDecodableTests.swift; sourceTree = "<group>"; };
		7953C8F5288BD29D00CB487C /* XCTestCase+Extension.swift */ = {isa = PBXFileReference; lastKnownFileType = sourcecode.swift; path = "XCTestCase+Extension.swift"; sourceTree = "<group>"; };
		7953C8F8288BD5B400CB487C /* NewsFeed.swift */ = {isa = PBXFileReference; lastKnownFileType = sourcecode.swift; path = NewsFeed.swift; sourceTree = "<group>"; };
		7953C8FA288BD5D100CB487C /* Headline.swift */ = {isa = PBXFileReference; lastKnownFileType = sourcecode.swift; path = Headline.swift; sourceTree = "<group>"; };
		7953C901288BF71F00CB487C /* NewsFeedInteractorTests.swift */ = {isa = PBXFileReference; lastKnownFileType = sourcecode.swift; path = NewsFeedInteractorTests.swift; sourceTree = "<group>"; };
		7953C904288BFA7C00CB487C /* NewsFeedInteractor.swift */ = {isa = PBXFileReference; lastKnownFileType = sourcecode.swift; path = NewsFeedInteractor.swift; sourceTree = "<group>"; };
		7953C912288C050100CB487C /* NewsFeedFetcher.swift */ = {isa = PBXFileReference; lastKnownFileType = sourcecode.swift; path = NewsFeedFetcher.swift; sourceTree = "<group>"; };
		7953C915288C056500CB487C /* NewsFeedFetcherMock.swift */ = {isa = PBXFileReference; lastKnownFileType = sourcecode.swift; path = NewsFeedFetcherMock.swift; sourceTree = "<group>"; };
		7953C917288C0F6D00CB487C /* NewsFeedStubbedData.swift */ = {isa = PBXFileReference; lastKnownFileType = sourcecode.swift; path = NewsFeedStubbedData.swift; sourceTree = "<group>"; };
/* End PBXFileReference section */

/* Begin PBXFrameworksBuildPhase section */
		792513D1288BC956008FB786 /* Frameworks */ = {
			isa = PBXFrameworksBuildPhase;
			buildActionMask = 2147483647;
			files = (
				7902087C288D2A2B005C7E35 /* SnapshotTesting in Frameworks */,
			);
			runOnlyForDeploymentPostprocessing = 0;
		};
		792513E1288BC973008FB786 /* Frameworks */ = {
			isa = PBXFrameworksBuildPhase;
			buildActionMask = 2147483647;
			files = (
			);
			runOnlyForDeploymentPostprocessing = 0;
		};
		792513EB288BC973008FB786 /* Frameworks */ = {
			isa = PBXFrameworksBuildPhase;
			buildActionMask = 2147483647;
			files = (
			);
			runOnlyForDeploymentPostprocessing = 0;
		};
/* End PBXFrameworksBuildPhase section */

/* Begin PBXGroup section */
		79020870288D22F2005C7E35 /* Presenters */ = {
			isa = PBXGroup;
			children = (
				79020873288D232A005C7E35 /* NewsFeedPresenterTests.swift */,
			);
			path = Presenters;
			sourceTree = "<group>";
		};
		79020877288D2667005C7E35 /* Presenters */ = {
			isa = PBXGroup;
			children = (
				79020878288D2676005C7E35 /* NewsFeedPresenter.swift */,
			);
			path = Presenters;
			sourceTree = "<group>";
		};
		7902087D288D2A70005C7E35 /* Views */ = {
			isa = PBXGroup;
			children = (
				7902087E288D2AA0005C7E35 /* NewsFeedViewSnapshotTests.swift */,
			);
			path = Views;
			sourceTree = "<group>";
		};
		792513CB288BC956008FB786 = {
			isa = PBXGroup;
			children = (
				792513D6288BC956008FB786 /* NewsAppsCodingChallenge */,
				792513E7288BC973008FB786 /* NewsAppsCodingChallengeTests */,
				792513F1288BC973008FB786 /* NewsAppsCodingChallengeUITests */,
				792513D5288BC956008FB786 /* Products */,
			);
			sourceTree = "<group>";
		};
		792513D5288BC956008FB786 /* Products */ = {
			isa = PBXGroup;
			children = (
				792513D4288BC956008FB786 /* NewsAppsCodingChallenge.app */,
				792513E4288BC973008FB786 /* NewsAppsCodingChallengeTests.xctest */,
				792513EE288BC973008FB786 /* NewsAppsCodingChallengeUITests.xctest */,
			);
			name = Products;
			sourceTree = "<group>";
		};
		792513D6288BC956008FB786 /* NewsAppsCodingChallenge */ = {
			isa = PBXGroup;
			children = (
				79020877288D2667005C7E35 /* Presenters */,
				7953C911288C04E700CB487C /* Network */,
				7953C903288BFA6700CB487C /* Interactors */,
				7953C8F7288BD58500CB487C /* Entities */,
				792513D7288BC956008FB786 /* NewsAppsCodingChallengeApp.swift */,
				792513D9288BC956008FB786 /* ContentView.swift */,
				792513DB288BC972008FB786 /* Assets.xcassets */,
				792513DD288BC972008FB786 /* Preview Content */,
			);
			path = NewsAppsCodingChallenge;
			sourceTree = "<group>";
		};
		792513DD288BC972008FB786 /* Preview Content */ = {
			isa = PBXGroup;
			children = (
				792513DE288BC972008FB786 /* Preview Assets.xcassets */,
			);
			path = "Preview Content";
			sourceTree = "<group>";
		};
		792513E7288BC973008FB786 /* NewsAppsCodingChallengeTests */ = {
			isa = PBXGroup;
			children = (
				7902087D288D2A70005C7E35 /* Views */,
				79020870288D22F2005C7E35 /* Presenters */,
				7953C914288C055400CB487C /* Helpers */,
				7953C900288BF6E400CB487C /* Interactors */,
				7953C8F4288BD27600CB487C /* Extensions */,
				7953C8F1288BCEB900CB487C /* Entities */,
				7953C8EE288BCD8600CB487C /* Resources */,
			);
			path = NewsAppsCodingChallengeTests;
			sourceTree = "<group>";
		};
		792513F1288BC973008FB786 /* NewsAppsCodingChallengeUITests */ = {
			isa = PBXGroup;
			children = (
				792513F2288BC973008FB786 /* NewsAppsCodingChallengeUITests.swift */,
				792513F4288BC973008FB786 /* NewsAppsCodingChallengeUITestsLaunchTests.swift */,
			);
			path = NewsAppsCodingChallengeUITests;
			sourceTree = "<group>";
		};
		7953C8EE288BCD8600CB487C /* Resources */ = {
			isa = PBXGroup;
			children = (
				7953C8EF288BCE2600CB487C /* headlines-success-response.json */,
			);
			path = Resources;
			sourceTree = "<group>";
		};
		7953C8F1288BCEB900CB487C /* Entities */ = {
			isa = PBXGroup;
			children = (
				7953C8F2288BD13800CB487C /* NewsFeedDecodableTests.swift */,
			);
			path = Entities;
			sourceTree = "<group>";
		};
		7953C8F4288BD27600CB487C /* Extensions */ = {
			isa = PBXGroup;
			children = (
				7953C8F5288BD29D00CB487C /* XCTestCase+Extension.swift */,
			);
			path = Extensions;
			sourceTree = "<group>";
		};
		7953C8F7288BD58500CB487C /* Entities */ = {
			isa = PBXGroup;
			children = (
				7953C8F8288BD5B400CB487C /* NewsFeed.swift */,
				7953C8FA288BD5D100CB487C /* Headline.swift */,
			);
			path = Entities;
			sourceTree = "<group>";
		};
		7953C900288BF6E400CB487C /* Interactors */ = {
			isa = PBXGroup;
			children = (
				7953C901288BF71F00CB487C /* NewsFeedInteractorTests.swift */,
			);
			path = Interactors;
			sourceTree = "<group>";
		};
		7953C903288BFA6700CB487C /* Interactors */ = {
			isa = PBXGroup;
			children = (
				7953C904288BFA7C00CB487C /* NewsFeedInteractor.swift */,
			);
			path = Interactors;
			sourceTree = "<group>";
		};
		7953C911288C04E700CB487C /* Network */ = {
			isa = PBXGroup;
			children = (
				7953C912288C050100CB487C /* NewsFeedFetcher.swift */,
				7902086E288C1B89005C7E35 /* CustomError.swift */,
			);
			path = Network;
			sourceTree = "<group>";
		};
		7953C914288C055400CB487C /* Helpers */ = {
			isa = PBXGroup;
			children = (
				7953C915288C056500CB487C /* NewsFeedFetcherMock.swift */,
				7953C917288C0F6D00CB487C /* NewsFeedStubbedData.swift */,
				79020875288D2473005C7E35 /* NewsFeedInteractorMock.swift */,
			);
			path = Helpers;
			sourceTree = "<group>";
		};
/* End PBXGroup section */

/* Begin PBXNativeTarget section */
		792513D3288BC956008FB786 /* NewsAppsCodingChallenge */ = {
			isa = PBXNativeTarget;
			buildConfigurationList = 792513F8288BC973008FB786 /* Build configuration list for PBXNativeTarget "NewsAppsCodingChallenge" */;
			buildPhases = (
				792513D0288BC956008FB786 /* Sources */,
				792513D1288BC956008FB786 /* Frameworks */,
				792513D2288BC956008FB786 /* Resources */,
			);
			buildRules = (
			);
			dependencies = (
			);
			name = NewsAppsCodingChallenge;
			packageProductDependencies = (
				7902087B288D2A2B005C7E35 /* SnapshotTesting */,
			);
			productName = NewsAppsCodingChallenge;
			productReference = 792513D4288BC956008FB786 /* NewsAppsCodingChallenge.app */;
			productType = "com.apple.product-type.application";
		};
		792513E3288BC973008FB786 /* NewsAppsCodingChallengeTests */ = {
			isa = PBXNativeTarget;
			buildConfigurationList = 792513FB288BC973008FB786 /* Build configuration list for PBXNativeTarget "NewsAppsCodingChallengeTests" */;
			buildPhases = (
				792513E0288BC973008FB786 /* Sources */,
				792513E1288BC973008FB786 /* Frameworks */,
				792513E2288BC973008FB786 /* Resources */,
			);
			buildRules = (
			);
			dependencies = (
				792513E6288BC973008FB786 /* PBXTargetDependency */,
			);
			name = NewsAppsCodingChallengeTests;
			productName = NewsAppsCodingChallengeTests;
			productReference = 792513E4288BC973008FB786 /* NewsAppsCodingChallengeTests.xctest */;
			productType = "com.apple.product-type.bundle.unit-test";
		};
		792513ED288BC973008FB786 /* NewsAppsCodingChallengeUITests */ = {
			isa = PBXNativeTarget;
			buildConfigurationList = 792513FE288BC973008FB786 /* Build configuration list for PBXNativeTarget "NewsAppsCodingChallengeUITests" */;
			buildPhases = (
				792513EA288BC973008FB786 /* Sources */,
				792513EB288BC973008FB786 /* Frameworks */,
				792513EC288BC973008FB786 /* Resources */,
			);
			buildRules = (
			);
			dependencies = (
				792513F0288BC973008FB786 /* PBXTargetDependency */,
			);
			name = NewsAppsCodingChallengeUITests;
			productName = NewsAppsCodingChallengeUITests;
			productReference = 792513EE288BC973008FB786 /* NewsAppsCodingChallengeUITests.xctest */;
			productType = "com.apple.product-type.bundle.ui-testing";
		};
/* End PBXNativeTarget section */

/* Begin PBXProject section */
		792513CC288BC956008FB786 /* Project object */ = {
			isa = PBXProject;
			attributes = {
				BuildIndependentTargetsInParallel = 1;
				LastSwiftUpdateCheck = 1340;
				LastUpgradeCheck = 1340;
				TargetAttributes = {
					792513D3288BC956008FB786 = {
						CreatedOnToolsVersion = 13.4.1;
					};
					792513E3288BC973008FB786 = {
						CreatedOnToolsVersion = 13.4.1;
						TestTargetID = 792513D3288BC956008FB786;
					};
					792513ED288BC973008FB786 = {
						CreatedOnToolsVersion = 13.4.1;
						TestTargetID = 792513D3288BC956008FB786;
					};
				};
			};
			buildConfigurationList = 792513CF288BC956008FB786 /* Build configuration list for PBXProject "NewsAppsCodingChallenge" */;
			compatibilityVersion = "Xcode 13.0";
			developmentRegion = en;
			hasScannedForEncodings = 0;
			knownRegions = (
				en,
				Base,
			);
			mainGroup = 792513CB288BC956008FB786;
			packageReferences = (
				7902087A288D2A2B005C7E35 /* XCRemoteSwiftPackageReference "swift-snapshot-testing" */,
			);
			productRefGroup = 792513D5288BC956008FB786 /* Products */;
			projectDirPath = "";
			projectRoot = "";
			targets = (
				792513D3288BC956008FB786 /* NewsAppsCodingChallenge */,
				792513E3288BC973008FB786 /* NewsAppsCodingChallengeTests */,
				792513ED288BC973008FB786 /* NewsAppsCodingChallengeUITests */,
			);
		};
/* End PBXProject section */

/* Begin PBXResourcesBuildPhase section */
		792513D2288BC956008FB786 /* Resources */ = {
			isa = PBXResourcesBuildPhase;
			buildActionMask = 2147483647;
			files = (
				792513DF288BC972008FB786 /* Preview Assets.xcassets in Resources */,
				792513DC288BC972008FB786 /* Assets.xcassets in Resources */,
			);
			runOnlyForDeploymentPostprocessing = 0;
		};
		792513E2288BC973008FB786 /* Resources */ = {
			isa = PBXResourcesBuildPhase;
			buildActionMask = 2147483647;
			files = (
				7953C8FE288BF30400CB487C /* headlines-success-response.json in Resources */,
			);
			runOnlyForDeploymentPostprocessing = 0;
		};
		792513EC288BC973008FB786 /* Resources */ = {
			isa = PBXResourcesBuildPhase;
			buildActionMask = 2147483647;
			files = (
			);
			runOnlyForDeploymentPostprocessing = 0;
		};
/* End PBXResourcesBuildPhase section */

/* Begin PBXSourcesBuildPhase section */
		792513D0288BC956008FB786 /* Sources */ = {
			isa = PBXSourcesBuildPhase;
			buildActionMask = 2147483647;
			files = (
				7902086F288C1B89005C7E35 /* CustomError.swift in Sources */,
				7953C8F9288BD5B400CB487C /* NewsFeed.swift in Sources */,
				792513DA288BC956008FB786 /* ContentView.swift in Sources */,
				79020879288D2676005C7E35 /* NewsFeedPresenter.swift in Sources */,
				7953C913288C050100CB487C /* NewsFeedFetcher.swift in Sources */,
				792513D8288BC956008FB786 /* NewsAppsCodingChallengeApp.swift in Sources */,
				7953C8FB288BD5D100CB487C /* Headline.swift in Sources */,
				7953C905288BFA7C00CB487C /* NewsFeedInteractor.swift in Sources */,
			);
			runOnlyForDeploymentPostprocessing = 0;
		};
		792513E0288BC973008FB786 /* Sources */ = {
			isa = PBXSourcesBuildPhase;
			buildActionMask = 2147483647;
			files = (
				79020874288D232A005C7E35 /* NewsFeedPresenterTests.swift in Sources */,
				7953C918288C0F6D00CB487C /* NewsFeedStubbedData.swift in Sources */,
				7902087F288D2AA0005C7E35 /* NewsFeedViewSnapshotTests.swift in Sources */,
				7953C8F6288BD29D00CB487C /* XCTestCase+Extension.swift in Sources */,
				7953C8F3288BD13800CB487C /* NewsFeedDecodableTests.swift in Sources */,
				7953C8F0288BCE2600CB487C /* headlines-success-response.json in Sources */,
				79020876288D2473005C7E35 /* NewsFeedInteractorMock.swift in Sources */,
				7953C916288C056500CB487C /* NewsFeedFetcherMock.swift in Sources */,
				7953C902288BF71F00CB487C /* NewsFeedInteractorTests.swift in Sources */,
			);
			runOnlyForDeploymentPostprocessing = 0;
		};
		792513EA288BC973008FB786 /* Sources */ = {
			isa = PBXSourcesBuildPhase;
			buildActionMask = 2147483647;
			files = (
				792513F3288BC973008FB786 /* NewsAppsCodingChallengeUITests.swift in Sources */,
				792513F5288BC973008FB786 /* NewsAppsCodingChallengeUITestsLaunchTests.swift in Sources */,
			);
			runOnlyForDeploymentPostprocessing = 0;
		};
/* End PBXSourcesBuildPhase section */

/* Begin PBXTargetDependency section */
		792513E6288BC973008FB786 /* PBXTargetDependency */ = {
			isa = PBXTargetDependency;
			target = 792513D3288BC956008FB786 /* NewsAppsCodingChallenge */;
			targetProxy = 792513E5288BC973008FB786 /* PBXContainerItemProxy */;
		};
		792513F0288BC973008FB786 /* PBXTargetDependency */ = {
			isa = PBXTargetDependency;
			target = 792513D3288BC956008FB786 /* NewsAppsCodingChallenge */;
			targetProxy = 792513EF288BC973008FB786 /* PBXContainerItemProxy */;
		};
/* End PBXTargetDependency section */

/* Begin XCBuildConfiguration section */
		792513F6288BC973008FB786 /* Debug */ = {
			isa = XCBuildConfiguration;
			buildSettings = {
				ALWAYS_SEARCH_USER_PATHS = NO;
				CLANG_ANALYZER_NONNULL = YES;
				CLANG_ANALYZER_NUMBER_OBJECT_CONVERSION = YES_AGGRESSIVE;
				CLANG_CXX_LANGUAGE_STANDARD = "gnu++17";
				CLANG_ENABLE_MODULES = YES;
				CLANG_ENABLE_OBJC_ARC = YES;
				CLANG_ENABLE_OBJC_WEAK = YES;
				CLANG_WARN_BLOCK_CAPTURE_AUTORELEASING = YES;
				CLANG_WARN_BOOL_CONVERSION = YES;
				CLANG_WARN_COMMA = YES;
				CLANG_WARN_CONSTANT_CONVERSION = YES;
				CLANG_WARN_DEPRECATED_OBJC_IMPLEMENTATIONS = YES;
				CLANG_WARN_DIRECT_OBJC_ISA_USAGE = YES_ERROR;
				CLANG_WARN_DOCUMENTATION_COMMENTS = YES;
				CLANG_WARN_EMPTY_BODY = YES;
				CLANG_WARN_ENUM_CONVERSION = YES;
				CLANG_WARN_INFINITE_RECURSION = YES;
				CLANG_WARN_INT_CONVERSION = YES;
				CLANG_WARN_NON_LITERAL_NULL_CONVERSION = YES;
				CLANG_WARN_OBJC_IMPLICIT_RETAIN_SELF = YES;
				CLANG_WARN_OBJC_LITERAL_CONVERSION = YES;
				CLANG_WARN_OBJC_ROOT_CLASS = YES_ERROR;
				CLANG_WARN_QUOTED_INCLUDE_IN_FRAMEWORK_HEADER = YES;
				CLANG_WARN_RANGE_LOOP_ANALYSIS = YES;
				CLANG_WARN_STRICT_PROTOTYPES = YES;
				CLANG_WARN_SUSPICIOUS_MOVE = YES;
				CLANG_WARN_UNGUARDED_AVAILABILITY = YES_AGGRESSIVE;
				CLANG_WARN_UNREACHABLE_CODE = YES;
				CLANG_WARN__DUPLICATE_METHOD_MATCH = YES;
				COPY_PHASE_STRIP = NO;
				DEBUG_INFORMATION_FORMAT = dwarf;
				ENABLE_STRICT_OBJC_MSGSEND = YES;
				ENABLE_TESTABILITY = YES;
				GCC_C_LANGUAGE_STANDARD = gnu11;
				GCC_DYNAMIC_NO_PIC = NO;
				GCC_NO_COMMON_BLOCKS = YES;
				GCC_OPTIMIZATION_LEVEL = 0;
				GCC_PREPROCESSOR_DEFINITIONS = (
					"DEBUG=1",
					"$(inherited)",
				);
				GCC_WARN_64_TO_32_BIT_CONVERSION = YES;
				GCC_WARN_ABOUT_RETURN_TYPE = YES_ERROR;
				GCC_WARN_UNDECLARED_SELECTOR = YES;
				GCC_WARN_UNINITIALIZED_AUTOS = YES_AGGRESSIVE;
				GCC_WARN_UNUSED_FUNCTION = YES;
				GCC_WARN_UNUSED_VARIABLE = YES;
				IPHONEOS_DEPLOYMENT_TARGET = 15.5;
				MTL_ENABLE_DEBUG_INFO = INCLUDE_SOURCE;
				MTL_FAST_MATH = YES;
				ONLY_ACTIVE_ARCH = YES;
				SDKROOT = iphoneos;
				SWIFT_ACTIVE_COMPILATION_CONDITIONS = DEBUG;
				SWIFT_OPTIMIZATION_LEVEL = "-Onone";
			};
			name = Debug;
		};
		792513F7288BC973008FB786 /* Release */ = {
			isa = XCBuildConfiguration;
			buildSettings = {
				ALWAYS_SEARCH_USER_PATHS = NO;
				CLANG_ANALYZER_NONNULL = YES;
				CLANG_ANALYZER_NUMBER_OBJECT_CONVERSION = YES_AGGRESSIVE;
				CLANG_CXX_LANGUAGE_STANDARD = "gnu++17";
				CLANG_ENABLE_MODULES = YES;
				CLANG_ENABLE_OBJC_ARC = YES;
				CLANG_ENABLE_OBJC_WEAK = YES;
				CLANG_WARN_BLOCK_CAPTURE_AUTORELEASING = YES;
				CLANG_WARN_BOOL_CONVERSION = YES;
				CLANG_WARN_COMMA = YES;
				CLANG_WARN_CONSTANT_CONVERSION = YES;
				CLANG_WARN_DEPRECATED_OBJC_IMPLEMENTATIONS = YES;
				CLANG_WARN_DIRECT_OBJC_ISA_USAGE = YES_ERROR;
				CLANG_WARN_DOCUMENTATION_COMMENTS = YES;
				CLANG_WARN_EMPTY_BODY = YES;
				CLANG_WARN_ENUM_CONVERSION = YES;
				CLANG_WARN_INFINITE_RECURSION = YES;
				CLANG_WARN_INT_CONVERSION = YES;
				CLANG_WARN_NON_LITERAL_NULL_CONVERSION = YES;
				CLANG_WARN_OBJC_IMPLICIT_RETAIN_SELF = YES;
				CLANG_WARN_OBJC_LITERAL_CONVERSION = YES;
				CLANG_WARN_OBJC_ROOT_CLASS = YES_ERROR;
				CLANG_WARN_QUOTED_INCLUDE_IN_FRAMEWORK_HEADER = YES;
				CLANG_WARN_RANGE_LOOP_ANALYSIS = YES;
				CLANG_WARN_STRICT_PROTOTYPES = YES;
				CLANG_WARN_SUSPICIOUS_MOVE = YES;
				CLANG_WARN_UNGUARDED_AVAILABILITY = YES_AGGRESSIVE;
				CLANG_WARN_UNREACHABLE_CODE = YES;
				CLANG_WARN__DUPLICATE_METHOD_MATCH = YES;
				COPY_PHASE_STRIP = NO;
				DEBUG_INFORMATION_FORMAT = "dwarf-with-dsym";
				ENABLE_NS_ASSERTIONS = NO;
				ENABLE_STRICT_OBJC_MSGSEND = YES;
				GCC_C_LANGUAGE_STANDARD = gnu11;
				GCC_NO_COMMON_BLOCKS = YES;
				GCC_WARN_64_TO_32_BIT_CONVERSION = YES;
				GCC_WARN_ABOUT_RETURN_TYPE = YES_ERROR;
				GCC_WARN_UNDECLARED_SELECTOR = YES;
				GCC_WARN_UNINITIALIZED_AUTOS = YES_AGGRESSIVE;
				GCC_WARN_UNUSED_FUNCTION = YES;
				GCC_WARN_UNUSED_VARIABLE = YES;
				IPHONEOS_DEPLOYMENT_TARGET = 15.5;
				MTL_ENABLE_DEBUG_INFO = NO;
				MTL_FAST_MATH = YES;
				SDKROOT = iphoneos;
				SWIFT_COMPILATION_MODE = wholemodule;
				SWIFT_OPTIMIZATION_LEVEL = "-O";
				VALIDATE_PRODUCT = YES;
			};
			name = Release;
		};
		792513F9288BC973008FB786 /* Debug */ = {
			isa = XCBuildConfiguration;
			buildSettings = {
				ASSETCATALOG_COMPILER_APPICON_NAME = AppIcon;
				ASSETCATALOG_COMPILER_GLOBAL_ACCENT_COLOR_NAME = AccentColor;
				CODE_SIGN_STYLE = Automatic;
				CURRENT_PROJECT_VERSION = 1;
				DEVELOPMENT_ASSET_PATHS = "\"NewsAppsCodingChallenge/Preview Content\"";
				DEVELOPMENT_TEAM = RA9SY3QH49;
				ENABLE_PREVIEWS = YES;
				GENERATE_INFOPLIST_FILE = YES;
				INFOPLIST_KEY_UIApplicationSceneManifest_Generation = YES;
				INFOPLIST_KEY_UIApplicationSupportsIndirectInputEvents = YES;
				INFOPLIST_KEY_UILaunchScreen_Generation = YES;
				INFOPLIST_KEY_UISupportedInterfaceOrientations_iPad = "UIInterfaceOrientationPortrait UIInterfaceOrientationPortraitUpsideDown UIInterfaceOrientationLandscapeLeft UIInterfaceOrientationLandscapeRight";
				INFOPLIST_KEY_UISupportedInterfaceOrientations_iPhone = "UIInterfaceOrientationPortrait UIInterfaceOrientationLandscapeLeft UIInterfaceOrientationLandscapeRight";
				LD_RUNPATH_SEARCH_PATHS = (
					"$(inherited)",
					"@executable_path/Frameworks",
				);
				MARKETING_VERSION = 1.0;
				PRODUCT_BUNDLE_IDENTIFIER = hannah.NewsAppsCodingChallenge;
				PRODUCT_NAME = "$(TARGET_NAME)";
				SWIFT_EMIT_LOC_STRINGS = YES;
				SWIFT_VERSION = 5.0;
				TARGETED_DEVICE_FAMILY = "1,2";
			};
			name = Debug;
		};
		792513FA288BC973008FB786 /* Release */ = {
			isa = XCBuildConfiguration;
			buildSettings = {
				ASSETCATALOG_COMPILER_APPICON_NAME = AppIcon;
				ASSETCATALOG_COMPILER_GLOBAL_ACCENT_COLOR_NAME = AccentColor;
				CODE_SIGN_STYLE = Automatic;
				CURRENT_PROJECT_VERSION = 1;
				DEVELOPMENT_ASSET_PATHS = "\"NewsAppsCodingChallenge/Preview Content\"";
				DEVELOPMENT_TEAM = RA9SY3QH49;
				ENABLE_PREVIEWS = YES;
				GENERATE_INFOPLIST_FILE = YES;
				INFOPLIST_KEY_UIApplicationSceneManifest_Generation = YES;
				INFOPLIST_KEY_UIApplicationSupportsIndirectInputEvents = YES;
				INFOPLIST_KEY_UILaunchScreen_Generation = YES;
				INFOPLIST_KEY_UISupportedInterfaceOrientations_iPad = "UIInterfaceOrientationPortrait UIInterfaceOrientationPortraitUpsideDown UIInterfaceOrientationLandscapeLeft UIInterfaceOrientationLandscapeRight";
				INFOPLIST_KEY_UISupportedInterfaceOrientations_iPhone = "UIInterfaceOrientationPortrait UIInterfaceOrientationLandscapeLeft UIInterfaceOrientationLandscapeRight";
				LD_RUNPATH_SEARCH_PATHS = (
					"$(inherited)",
					"@executable_path/Frameworks",
				);
				MARKETING_VERSION = 1.0;
				PRODUCT_BUNDLE_IDENTIFIER = hannah.NewsAppsCodingChallenge;
				PRODUCT_NAME = "$(TARGET_NAME)";
				SWIFT_EMIT_LOC_STRINGS = YES;
				SWIFT_VERSION = 5.0;
				TARGETED_DEVICE_FAMILY = "1,2";
			};
			name = Release;
		};
		792513FC288BC973008FB786 /* Debug */ = {
			isa = XCBuildConfiguration;
			buildSettings = {
				ALWAYS_EMBED_SWIFT_STANDARD_LIBRARIES = YES;
				BUNDLE_LOADER = "$(TEST_HOST)";
				CODE_SIGN_STYLE = Automatic;
				CURRENT_PROJECT_VERSION = 1;
				DEVELOPMENT_TEAM = RA9SY3QH49;
				GENERATE_INFOPLIST_FILE = YES;
				IPHONEOS_DEPLOYMENT_TARGET = 15.5;
				MARKETING_VERSION = 1.0;
				PRODUCT_BUNDLE_IDENTIFIER = hannah.NewsAppsCodingChallengeTests;
				PRODUCT_NAME = "$(TARGET_NAME)";
				SWIFT_EMIT_LOC_STRINGS = NO;
				SWIFT_VERSION = 5.0;
				TARGETED_DEVICE_FAMILY = "1,2";
				TEST_HOST = "$(BUILT_PRODUCTS_DIR)/NewsAppsCodingChallenge.app/NewsAppsCodingChallenge";
			};
			name = Debug;
		};
		792513FD288BC973008FB786 /* Release */ = {
			isa = XCBuildConfiguration;
			buildSettings = {
				ALWAYS_EMBED_SWIFT_STANDARD_LIBRARIES = YES;
				BUNDLE_LOADER = "$(TEST_HOST)";
				CODE_SIGN_STYLE = Automatic;
				CURRENT_PROJECT_VERSION = 1;
				DEVELOPMENT_TEAM = RA9SY3QH49;
				GENERATE_INFOPLIST_FILE = YES;
				IPHONEOS_DEPLOYMENT_TARGET = 15.5;
				MARKETING_VERSION = 1.0;
				PRODUCT_BUNDLE_IDENTIFIER = hannah.NewsAppsCodingChallengeTests;
				PRODUCT_NAME = "$(TARGET_NAME)";
				SWIFT_EMIT_LOC_STRINGS = NO;
				SWIFT_VERSION = 5.0;
				TARGETED_DEVICE_FAMILY = "1,2";
				TEST_HOST = "$(BUILT_PRODUCTS_DIR)/NewsAppsCodingChallenge.app/NewsAppsCodingChallenge";
			};
			name = Release;
		};
		792513FF288BC973008FB786 /* Debug */ = {
			isa = XCBuildConfiguration;
			buildSettings = {
				ALWAYS_EMBED_SWIFT_STANDARD_LIBRARIES = YES;
				CODE_SIGN_STYLE = Automatic;
				CURRENT_PROJECT_VERSION = 1;
				DEVELOPMENT_TEAM = RA9SY3QH49;
				GENERATE_INFOPLIST_FILE = YES;
				MARKETING_VERSION = 1.0;
				PRODUCT_BUNDLE_IDENTIFIER = hannah.NewsAppsCodingChallengeUITests;
				PRODUCT_NAME = "$(TARGET_NAME)";
				SWIFT_EMIT_LOC_STRINGS = NO;
				SWIFT_VERSION = 5.0;
				TARGETED_DEVICE_FAMILY = "1,2";
				TEST_TARGET_NAME = NewsAppsCodingChallenge;
			};
			name = Debug;
		};
		79251400288BC973008FB786 /* Release */ = {
			isa = XCBuildConfiguration;
			buildSettings = {
				ALWAYS_EMBED_SWIFT_STANDARD_LIBRARIES = YES;
				CODE_SIGN_STYLE = Automatic;
				CURRENT_PROJECT_VERSION = 1;
				DEVELOPMENT_TEAM = RA9SY3QH49;
				GENERATE_INFOPLIST_FILE = YES;
				MARKETING_VERSION = 1.0;
				PRODUCT_BUNDLE_IDENTIFIER = hannah.NewsAppsCodingChallengeUITests;
				PRODUCT_NAME = "$(TARGET_NAME)";
				SWIFT_EMIT_LOC_STRINGS = NO;
				SWIFT_VERSION = 5.0;
				TARGETED_DEVICE_FAMILY = "1,2";
				TEST_TARGET_NAME = NewsAppsCodingChallenge;
			};
			name = Release;
		};
/* End XCBuildConfiguration section */

/* Begin XCConfigurationList section */
		792513CF288BC956008FB786 /* Build configuration list for PBXProject "NewsAppsCodingChallenge" */ = {
			isa = XCConfigurationList;
			buildConfigurations = (
				792513F6288BC973008FB786 /* Debug */,
				792513F7288BC973008FB786 /* Release */,
			);
			defaultConfigurationIsVisible = 0;
			defaultConfigurationName = Release;
		};
		792513F8288BC973008FB786 /* Build configuration list for PBXNativeTarget "NewsAppsCodingChallenge" */ = {
			isa = XCConfigurationList;
			buildConfigurations = (
				792513F9288BC973008FB786 /* Debug */,
				792513FA288BC973008FB786 /* Release */,
			);
			defaultConfigurationIsVisible = 0;
			defaultConfigurationName = Release;
		};
		792513FB288BC973008FB786 /* Build configuration list for PBXNativeTarget "NewsAppsCodingChallengeTests" */ = {
			isa = XCConfigurationList;
			buildConfigurations = (
				792513FC288BC973008FB786 /* Debug */,
				792513FD288BC973008FB786 /* Release */,
			);
			defaultConfigurationIsVisible = 0;
			defaultConfigurationName = Release;
		};
		792513FE288BC973008FB786 /* Build configuration list for PBXNativeTarget "NewsAppsCodingChallengeUITests" */ = {
			isa = XCConfigurationList;
			buildConfigurations = (
				792513FF288BC973008FB786 /* Debug */,
				79251400288BC973008FB786 /* Release */,
			);
			defaultConfigurationIsVisible = 0;
			defaultConfigurationName = Release;
		};
/* End XCConfigurationList section */

/* Begin XCRemoteSwiftPackageReference section */
		7902087A288D2A2B005C7E35 /* XCRemoteSwiftPackageReference "swift-snapshot-testing" */ = {
			isa = XCRemoteSwiftPackageReference;
			repositoryURL = "https://github.com/pointfreeco/swift-snapshot-testing";
			requirement = {
				kind = upToNextMajorVersion;
				minimumVersion = 1.0.0;
			};
		};
/* End XCRemoteSwiftPackageReference section */

/* Begin XCSwiftPackageProductDependency section */
		7902087B288D2A2B005C7E35 /* SnapshotTesting */ = {
			isa = XCSwiftPackageProductDependency;
			package = 7902087A288D2A2B005C7E35 /* XCRemoteSwiftPackageReference "swift-snapshot-testing" */;
			productName = SnapshotTesting;
		};
/* End XCSwiftPackageProductDependency section */
	};
	rootObject = 792513CC288BC956008FB786 /* Project object */;
}
